
Microsoft Visual Studio Solution File, Format Version 12.00
# Visual Studio Version 16
VisualStudioVersion = 16.0.30717.126
MinimumVisualStudioVersion = 10.0.40219.1
Project("{9A19103F-16F7-4668-BE54-9A1E7A4F7556}") = "ExcelBinderTestCore", "ExcelBinderTestCore\ExcelBinderTestCore.csproj", "{35887594-5EC9-405C-B47D-AF1D67179CF6}"
EndProject
Project("{9A19103F-16F7-4668-BE54-9A1E7A4F7556}") = "ExcelEnt", "ExcelEnt\ExcelEnt.csproj", "{95D21E99-FAAC-4AFF-AB4F-41CBE114ACB9}"
EndProject
Global
	GlobalSection(SolutionConfigurationPlatforms) = preSolution
		Debug|Any CPU = Debug|Any CPU
		Release|Any CPU = Release|Any CPU
	EndGlobalSection
	GlobalSection(ProjectConfigurationPlatforms) = postSolution
		{35887594-5EC9-405C-B47D-AF1D67179CF6}.Debug|Any CPU.ActiveCfg = Debug|Any CPU
		{35887594-5EC9-405C-B47D-AF1D67179CF6}.Debug|Any CPU.Build.0 = Debug|Any CPU
		{35887594-5EC9-405C-B47D-AF1D67179CF6}.Release|Any CPU.ActiveCfg = Release|Any CPU
		{35887594-5EC9-405C-B47D-AF1D67179CF6}.Release|Any CPU.Build.0 = Release|Any CPU
		{95D21E99-FAAC-4AFF-AB4F-41CBE114ACB9}.Debug|Any CPU.ActiveCfg = Debug|Any CPU
		{95D21E99-FAAC-4AFF-AB4F-41CBE114ACB9}.Debug|Any CPU.Build.0 = Debug|Any CPU
		{95D21E99-FAAC-4AFF-AB4F-41CBE114ACB9}.Release|Any CPU.ActiveCfg = Release|Any CPU
		{95D21E99-FAAC-4AFF-AB4F-41CBE114ACB9}.Release|Any CPU.Build.0 = Release|Any CPU
	EndGlobalSection
	GlobalSection(SolutionProperties) = preSolution
		HideSolutionNode = FALSE
	EndGlobalSection
	GlobalSection(ExtensibilityGlobals) = postSolution
		SolutionGuid = {AB16FB1A-3102-4307-8C2E-D38C084ABAD2}
	EndGlobalSection
EndGlobal
